
Microsoft Visual Studio Solution File, Format Version 12.00
# Visual Studio 15
VisualStudioVersion = 15.0.26430.14
MinimumVisualStudioVersion = 10.0.40219.1
Project("{FAE04EC0-301F-11D3-BF4B-00C04F79EFBC}") = "App1.Android", "App1\App1.Android\App1.Android.csproj", "{F392C87E-2C04-4849-95CC-7B51D4F4116A}"
EndProject
Project("{FAE04EC0-301F-11D3-BF4B-00C04F79EFBC}") = "App1", "App1\App1\App1.csproj", "{E0A56AD5-CE43-464D-AA14-995CA4EDCECF}"
EndProject
Project("{FAE04EC0-301F-11D3-BF4B-00C04F79EFBC}") = "App1.UWP", "App1\App1.UWP\App1.UWP.csproj", "{BDF8C608-FE6E-48C1-A52E-FDBD4276BDB8}"
EndProject
Project("{FAE04EC0-301F-11D3-BF4B-00C04F79EFBC}") = "App1.iOS", "App1\App1.iOS\App1.iOS.csproj", "{694F6260-FE30-4E06-93B6-CFD8C0F87E03}"
EndProject
Global
	GlobalSection(SolutionConfigurationPlatforms) = preSolution
		Ad-Hoc|Any CPU = Ad-Hoc|Any CPU
		Ad-Hoc|ARM = Ad-Hoc|ARM
		Ad-Hoc|iPhone = Ad-Hoc|iPhone
		Ad-Hoc|iPhoneSimulator = Ad-Hoc|iPhoneSimulator
		Ad-Hoc|x64 = Ad-Hoc|x64
		Ad-Hoc|x86 = Ad-Hoc|x86
		AppStore|Any CPU = AppStore|Any CPU
		AppStore|ARM = AppStore|ARM
		AppStore|iPhone = AppStore|iPhone
		AppStore|iPhoneSimulator = AppStore|iPhoneSimulator
		AppStore|x64 = AppStore|x64
		AppStore|x86 = AppStore|x86
		Debug|Any CPU = Debug|Any CPU
		Debug|ARM = Debug|ARM
		Debug|iPhone = Debug|iPhone
		Debug|iPhoneSimulator = Debug|iPhoneSimulator
		Debug|x64 = Debug|x64
		Debug|x86 = Debug|x86
		Release|Any CPU = Release|Any CPU
		Release|ARM = Release|ARM
		Release|iPhone = Release|iPhone
		Release|iPhoneSimulator = Release|iPhoneSimulator
		Release|x64 = Release|x64
		Release|x86 = Release|x86
	EndGlobalSection
	GlobalSection(ProjectConfigurationPlatforms) = postSolution
		{F392C87E-2C04-4849-95CC-7B51D4F4116A}.Ad-Hoc|Any CPU.ActiveCfg = Release|Any CPU
		{F392C87E-2C04-4849-95CC-7B51D4F4116A}.Ad-Hoc|Any CPU.Build.0 = Release|Any CPU
		{F392C87E-2C04-4849-95CC-7B51D4F4116A}.Ad-Hoc|Any CPU.Deploy.0 = Release|Any CPU
		{F392C87E-2C04-4849-95CC-7B51D4F4116A}.Ad-Hoc|ARM.ActiveCfg = Release|Any CPU
		{F392C87E-2C04-4849-95CC-7B51D4F4116A}.Ad-Hoc|ARM.Build.0 = Release|Any CPU
		{F392C87E-2C04-4849-95CC-7B51D4F4116A}.Ad-Hoc|ARM.Deploy.0 = Release|Any CPU
		{F392C87E-2C04-4849-95CC-7B51D4F4116A}.Ad-Hoc|iPhone.ActiveCfg = Release|Any CPU
		{F392C87E-2C04-4849-95CC-7B51D4F4116A}.Ad-Hoc|iPhone.Build.0 = Release|Any CPU
		{F392C87E-2C04-4849-95CC-7B51D4F4116A}.Ad-Hoc|iPhone.Deploy.0 = Release|Any CPU
		{F392C87E-2C04-4849-95CC-7B51D4F4116A}.Ad-Hoc|iPhoneSimulator.ActiveCfg = Release|Any CPU
		{F392C87E-2C04-4849-95CC-7B51D4F4116A}.Ad-Hoc|iPhoneSimulator.Build.0 = Release|Any CPU
		{F392C87E-2C04-4849-95CC-7B51D4F4116A}.Ad-Hoc|iPhoneSimulator.Deploy.0 = Release|Any CPU
		{F392C87E-2C04-4849-95CC-7B51D4F4116A}.Ad-Hoc|x64.ActiveCfg = Release|Any CPU
		{F392C87E-2C04-4849-95CC-7B51D4F4116A}.Ad-Hoc|x64.Build.0 = Release|Any CPU
		{F392C87E-2C04-4849-95CC-7B51D4F4116A}.Ad-Hoc|x64.Deploy.0 = Release|Any CPU
		{F392C87E-2C04-4849-95CC-7B51D4F4116A}.Ad-Hoc|x86.ActiveCfg = Release|Any CPU
		{F392C87E-2C04-4849-95CC-7B51D4F4116A}.Ad-Hoc|x86.Build.0 = Release|Any CPU
		{F392C87E-2C04-4849-95CC-7B51D4F4116A}.Ad-Hoc|x86.Deploy.0 = Release|Any CPU
		{F392C87E-2C04-4849-95CC-7B51D4F4116A}.AppStore|Any CPU.ActiveCfg = Release|Any CPU
		{F392C87E-2C04-4849-95CC-7B51D4F4116A}.AppStore|Any CPU.Build.0 = Release|Any CPU
		{F392C87E-2C04-4849-95CC-7B51D4F4116A}.AppStore|Any CPU.Deploy.0 = Release|Any CPU
		{F392C87E-2C04-4849-95CC-7B51D4F4116A}.AppStore|ARM.ActiveCfg = Release|Any CPU
		{F392C87E-2C04-4849-95CC-7B51D4F4116A}.AppStore|ARM.Build.0 = Release|Any CPU
		{F392C87E-2C04-4849-95CC-7B51D4F4116A}.AppStore|ARM.Deploy.0 = Release|Any CPU
		{F392C87E-2C04-4849-95CC-7B51D4F4116A}.AppStore|iPhone.ActiveCfg = Release|Any CPU
		{F392C87E-2C04-4849-95CC-7B51D4F4116A}.AppStore|iPhone.Build.0 = Release|Any CPU
		{F392C87E-2C04-4849-95CC-7B51D4F4116A}.AppStore|iPhone.Deploy.0 = Release|Any CPU
		{F392C87E-2C04-4849-95CC-7B51D4F4116A}.AppStore|iPhoneSimulator.ActiveCfg = Release|Any CPU
		{F392C87E-2C04-4849-95CC-7B51D4F4116A}.AppStore|iPhoneSimulator.Build.0 = Release|Any CPU
		{F392C87E-2C04-4849-95CC-7B51D4F4116A}.AppStore|iPhoneSimulator.Deploy.0 = Release|Any CPU
		{F392C87E-2C04-4849-95CC-7B51D4F4116A}.AppStore|x64.ActiveCfg = Release|Any CPU
		{F392C87E-2C04-4849-95CC-7B51D4F4116A}.AppStore|x64.Build.0 = Release|Any CPU
		{F392C87E-2C04-4849-95CC-7B51D4F4116A}.AppStore|x64.Deploy.0 = Release|Any CPU
		{F392C87E-2C04-4849-95CC-7B51D4F4116A}.AppStore|x86.ActiveCfg = Release|Any CPU
		{F392C87E-2C04-4849-95CC-7B51D4F4116A}.AppStore|x86.Build.0 = Release|Any CPU
		{F392C87E-2C04-4849-95CC-7B51D4F4116A}.AppStore|x86.Deploy.0 = Release|Any CPU
		{F392C87E-2C04-4849-95CC-7B51D4F4116A}.Debug|Any CPU.ActiveCfg = Debug|Any CPU
		{F392C87E-2C04-4849-95CC-7B51D4F4116A}.Debug|Any CPU.Build.0 = Debug|Any CPU
		{F392C87E-2C04-4849-95CC-7B51D4F4116A}.Debug|Any CPU.Deploy.0 = Debug|Any CPU
		{F392C87E-2C04-4849-95CC-7B51D4F4116A}.Debug|ARM.ActiveCfg = Debug|Any CPU
		{F392C87E-2C04-4849-95CC-7B51D4F4116A}.Debug|ARM.Build.0 = Debug|Any CPU
		{F392C87E-2C04-4849-95CC-7B51D4F4116A}.Debug|ARM.Deploy.0 = Debug|Any CPU
		{F392C87E-2C04-4849-95CC-7B51D4F4116A}.Debug|iPhone.ActiveCfg = Debug|Any CPU
		{F392C87E-2C04-4849-95CC-7B51D4F4116A}.Debug|iPhone.Build.0 = Debug|Any CPU
		{F392C87E-2C04-4849-95CC-7B51D4F4116A}.Debug|iPhone.Deploy.0 = Debug|Any CPU
		{F392C87E-2C04-4849-95CC-7B51D4F4116A}.Debug|iPhoneSimulator.ActiveCfg = Debug|Any CPU
		{F392C87E-2C04-4849-95CC-7B51D4F4116A}.Debug|iPhoneSimulator.Build.0 = Debug|Any CPU
		{F392C87E-2C04-4849-95CC-7B51D4F4116A}.Debug|iPhoneSimulator.Deploy.0 = Debug|Any CPU
		{F392C87E-2C04-4849-95CC-7B51D4F4116A}.Debug|x64.ActiveCfg = Debug|Any CPU
		{F392C87E-2C04-4849-95CC-7B51D4F4116A}.Debug|x64.Build.0 = Debug|Any CPU
		{F392C87E-2C04-4849-95CC-7B51D4F4116A}.Debug|x64.Deploy.0 = Debug|Any CPU
		{F392C87E-2C04-4849-95CC-7B51D4F4116A}.Debug|x86.ActiveCfg = Debug|Any CPU
		{F392C87E-2C04-4849-95CC-7B51D4F4116A}.Debug|x86.Build.0 = Debug|Any CPU
		{F392C87E-2C04-4849-95CC-7B51D4F4116A}.Debug|x86.Deploy.0 = Debug|Any CPU
		{F392C87E-2C04-4849-95CC-7B51D4F4116A}.Release|Any CPU.ActiveCfg = Release|Any CPU
		{F392C87E-2C04-4849-95CC-7B51D4F4116A}.Release|Any CPU.Build.0 = Release|Any CPU
		{F392C87E-2C04-4849-95CC-7B51D4F4116A}.Release|Any CPU.Deploy.0 = Release|Any CPU
		{F392C87E-2C04-4849-95CC-7B51D4F4116A}.Release|ARM.ActiveCfg = Release|Any CPU
		{F392C87E-2C04-4849-95CC-7B51D4F4116A}.Release|ARM.Build.0 = Release|Any CPU
		{F392C87E-2C04-4849-95CC-7B51D4F4116A}.Release|ARM.Deploy.0 = Release|Any CPU
		{F392C87E-2C04-4849-95CC-7B51D4F4116A}.Release|iPhone.ActiveCfg = Release|Any CPU
		{F392C87E-2C04-4849-95CC-7B51D4F4116A}.Release|iPhone.Build.0 = Release|Any CPU
		{F392C87E-2C04-4849-95CC-7B51D4F4116A}.Release|iPhone.Deploy.0 = Release|Any CPU
		{F392C87E-2C04-4849-95CC-7B51D4F4116A}.Release|iPhoneSimulator.ActiveCfg = Release|Any CPU
		{F392C87E-2C04-4849-95CC-7B51D4F4116A}.Release|iPhoneSimulator.Build.0 = Release|Any CPU
		{F392C87E-2C04-4849-95CC-7B51D4F4116A}.Release|iPhoneSimulator.Deploy.0 = Release|Any CPU
		{F392C87E-2C04-4849-95CC-7B51D4F4116A}.Release|x64.ActiveCfg = Release|Any CPU
		{F392C87E-2C04-4849-95CC-7B51D4F4116A}.Release|x64.Build.0 = Release|Any CPU
		{F392C87E-2C04-4849-95CC-7B51D4F4116A}.Release|x64.Deploy.0 = Release|Any CPU
		{F392C87E-2C04-4849-95CC-7B51D4F4116A}.Release|x86.ActiveCfg = Release|Any CPU
		{F392C87E-2C04-4849-95CC-7B51D4F4116A}.Release|x86.Build.0 = Release|Any CPU
		{F392C87E-2C04-4849-95CC-7B51D4F4116A}.Release|x86.Deploy.0 = Release|Any CPU
		{E0A56AD5-CE43-464D-AA14-995CA4EDCECF}.Ad-Hoc|Any CPU.ActiveCfg = Release|Any CPU
		{E0A56AD5-CE43-464D-AA14-995CA4EDCECF}.Ad-Hoc|Any CPU.Build.0 = Release|Any CPU
		{E0A56AD5-CE43-464D-AA14-995CA4EDCECF}.Ad-Hoc|ARM.ActiveCfg = Release|Any CPU
		{E0A56AD5-CE43-464D-AA14-995CA4EDCECF}.Ad-Hoc|ARM.Build.0 = Release|Any CPU
		{E0A56AD5-CE43-464D-AA14-995CA4EDCECF}.Ad-Hoc|iPhone.ActiveCfg = Release|Any CPU
		{E0A56AD5-CE43-464D-AA14-995CA4EDCECF}.Ad-Hoc|iPhone.Build.0 = Release|Any CPU
		{E0A56AD5-CE43-464D-AA14-995CA4EDCECF}.Ad-Hoc|iPhoneSimulator.ActiveCfg = Release|Any CPU
		{E0A56AD5-CE43-464D-AA14-995CA4EDCECF}.Ad-Hoc|iPhoneSimulator.Build.0 = Release|Any CPU
		{E0A56AD5-CE43-464D-AA14-995CA4EDCECF}.Ad-Hoc|x64.ActiveCfg = Release|Any CPU
		{E0A56AD5-CE43-464D-AA14-995CA4EDCECF}.Ad-Hoc|x64.Build.0 = Release|Any CPU
		{E0A56AD5-CE43-464D-AA14-995CA4EDCECF}.Ad-Hoc|x86.ActiveCfg = Release|Any CPU
		{E0A56AD5-CE43-464D-AA14-995CA4EDCECF}.Ad-Hoc|x86.Build.0 = Release|Any CPU
		{E0A56AD5-CE43-464D-AA14-995CA4EDCECF}.AppStore|Any CPU.ActiveCfg = Release|Any CPU
		{E0A56AD5-CE43-464D-AA14-995CA4EDCECF}.AppStore|Any CPU.Build.0 = Release|Any CPU
		{E0A56AD5-CE43-464D-AA14-995CA4EDCECF}.AppStore|ARM.ActiveCfg = Release|Any CPU
		{E0A56AD5-CE43-464D-AA14-995CA4EDCECF}.AppStore|ARM.Build.0 = Release|Any CPU
		{E0A56AD5-CE43-464D-AA14-995CA4EDCECF}.AppStore|iPhone.ActiveCfg = Release|Any CPU
		{E0A56AD5-CE43-464D-AA14-995CA4EDCECF}.AppStore|iPhone.Build.0 = Release|Any CPU
		{E0A56AD5-CE43-464D-AA14-995CA4EDCECF}.AppStore|iPhoneSimulator.ActiveCfg = Release|Any CPU
		{E0A56AD5-CE43-464D-AA14-995CA4EDCECF}.AppStore|iPhoneSimulator.Build.0 = Release|Any CPU
		{E0A56AD5-CE43-464D-AA14-995CA4EDCECF}.AppStore|x64.ActiveCfg = Release|Any CPU
		{E0A56AD5-CE43-464D-AA14-995CA4EDCECF}.AppStore|x64.Build.0 = Release|Any CPU
		{E0A56AD5-CE43-464D-AA14-995CA4EDCECF}.AppStore|x86.ActiveCfg = Release|Any CPU
		{E0A56AD5-CE43-464D-AA14-995CA4EDCECF}.AppStore|x86.Build.0 = Release|Any CPU
		{E0A56AD5-CE43-464D-AA14-995CA4EDCECF}.Debug|Any CPU.ActiveCfg = Debug|Any CPU
		{E0A56AD5-CE43-464D-AA14-995CA4EDCECF}.Debug|Any CPU.Build.0 = Debug|Any CPU
		{E0A56AD5-CE43-464D-AA14-995CA4EDCECF}.Debug|ARM.ActiveCfg = Debug|Any CPU
		{E0A56AD5-CE43-464D-AA14-995CA4EDCECF}.Debug|ARM.Build.0 = Debug|Any CPU
		{E0A56AD5-CE43-464D-AA14-995CA4EDCECF}.Debug|iPhone.ActiveCfg = Debug|Any CPU
		{E0A56AD5-CE43-464D-AA14-995CA4EDCECF}.Debug|iPhone.Build.0 = Debug|Any CPU
		{E0A56AD5-CE43-464D-AA14-995CA4EDCECF}.Debug|iPhoneSimulator.ActiveCfg = Debug|Any CPU
		{E0A56AD5-CE43-464D-AA14-995CA4EDCECF}.Debug|iPhoneSimulator.Build.0 = Debug|Any CPU
		{E0A56AD5-CE43-464D-AA14-995CA4EDCECF}.Debug|x64.ActiveCfg = Debug|Any CPU
		{E0A56AD5-CE43-464D-AA14-995CA4EDCECF}.Debug|x64.Build.0 = Debug|Any CPU
		{E0A56AD5-CE43-464D-AA14-995CA4EDCECF}.Debug|x86.ActiveCfg = Debug|Any CPU
		{E0A56AD5-CE43-464D-AA14-995CA4EDCECF}.Debug|x86.Build.0 = Debug|Any CPU
		{E0A56AD5-CE43-464D-AA14-995CA4EDCECF}.Release|Any CPU.ActiveCfg = Release|Any CPU
		{E0A56AD5-CE43-464D-AA14-995CA4EDCECF}.Release|Any CPU.Build.0 = Release|Any CPU
		{E0A56AD5-CE43-464D-AA14-995CA4EDCECF}.Release|ARM.ActiveCfg = Release|Any CPU
		{E0A56AD5-CE43-464D-AA14-995CA4EDCECF}.Release|ARM.Build.0 = Release|Any CPU
		{E0A56AD5-CE43-464D-AA14-995CA4EDCECF}.Release|iPhone.ActiveCfg = Release|Any CPU
		{E0A56AD5-CE43-464D-AA14-995CA4EDCECF}.Release|iPhone.Build.0 = Release|Any CPU
		{E0A56AD5-CE43-464D-AA14-995CA4EDCECF}.Release|iPhoneSimulator.ActiveCfg = Release|Any CPU
		{E0A56AD5-CE43-464D-AA14-995CA4EDCECF}.Release|iPhoneSimulator.Build.0 = Release|Any CPU
		{E0A56AD5-CE43-464D-AA14-995CA4EDCECF}.Release|x64.ActiveCfg = Release|Any CPU
		{E0A56AD5-CE43-464D-AA14-995CA4EDCECF}.Release|x64.Build.0 = Release|Any CPU
		{E0A56AD5-CE43-464D-AA14-995CA4EDCECF}.Release|x86.ActiveCfg = Release|Any CPU
		{E0A56AD5-CE43-464D-AA14-995CA4EDCECF}.Release|x86.Build.0 = Release|Any CPU
		{BDF8C608-FE6E-48C1-A52E-FDBD4276BDB8}.Ad-Hoc|Any CPU.ActiveCfg = Release|x86
		{BDF8C608-FE6E-48C1-A52E-FDBD4276BDB8}.Ad-Hoc|Any CPU.Build.0 = Release|x86
		{BDF8C608-FE6E-48C1-A52E-FDBD4276BDB8}.Ad-Hoc|Any CPU.Deploy.0 = Release|x86
		{BDF8C608-FE6E-48C1-A52E-FDBD4276BDB8}.Ad-Hoc|ARM.ActiveCfg = Release|ARM
		{BDF8C608-FE6E-48C1-A52E-FDBD4276BDB8}.Ad-Hoc|ARM.Build.0 = Release|ARM
		{BDF8C608-FE6E-48C1-A52E-FDBD4276BDB8}.Ad-Hoc|ARM.Deploy.0 = Release|ARM
		{BDF8C608-FE6E-48C1-A52E-FDBD4276BDB8}.Ad-Hoc|iPhone.ActiveCfg = Release|x86
		{BDF8C608-FE6E-48C1-A52E-FDBD4276BDB8}.Ad-Hoc|iPhone.Build.0 = Release|x86
		{BDF8C608-FE6E-48C1-A52E-FDBD4276BDB8}.Ad-Hoc|iPhone.Deploy.0 = Release|x86
		{BDF8C608-FE6E-48C1-A52E-FDBD4276BDB8}.Ad-Hoc|iPhoneSimulator.ActiveCfg = Release|x86
		{BDF8C608-FE6E-48C1-A52E-FDBD4276BDB8}.Ad-Hoc|iPhoneSimulator.Build.0 = Release|x86
		{BDF8C608-FE6E-48C1-A52E-FDBD4276BDB8}.Ad-Hoc|iPhoneSimulator.Deploy.0 = Release|x86
		{BDF8C608-FE6E-48C1-A52E-FDBD4276BDB8}.Ad-Hoc|x64.ActiveCfg = Release|x64
		{BDF8C608-FE6E-48C1-A52E-FDBD4276BDB8}.Ad-Hoc|x64.Build.0 = Release|x64
		{BDF8C608-FE6E-48C1-A52E-FDBD4276BDB8}.Ad-Hoc|x64.Deploy.0 = Release|x64
		{BDF8C608-FE6E-48C1-A52E-FDBD4276BDB8}.Ad-Hoc|x86.ActiveCfg = Release|x86
		{BDF8C608-FE6E-48C1-A52E-FDBD4276BDB8}.Ad-Hoc|x86.Build.0 = Release|x86
		{BDF8C608-FE6E-48C1-A52E-FDBD4276BDB8}.Ad-Hoc|x86.Deploy.0 = Release|x86
		{BDF8C608-FE6E-48C1-A52E-FDBD4276BDB8}.AppStore|Any CPU.ActiveCfg = Release|x86
		{BDF8C608-FE6E-48C1-A52E-FDBD4276BDB8}.AppStore|Any CPU.Build.0 = Release|x86
		{BDF8C608-FE6E-48C1-A52E-FDBD4276BDB8}.AppStore|Any CPU.Deploy.0 = Release|x86
		{BDF8C608-FE6E-48C1-A52E-FDBD4276BDB8}.AppStore|ARM.ActiveCfg = Release|ARM
		{BDF8C608-FE6E-48C1-A52E-FDBD4276BDB8}.AppStore|ARM.Build.0 = Release|ARM
		{BDF8C608-FE6E-48C1-A52E-FDBD4276BDB8}.AppStore|ARM.Deploy.0 = Release|ARM
		{BDF8C608-FE6E-48C1-A52E-FDBD4276BDB8}.AppStore|iPhone.ActiveCfg = Release|x86
		{BDF8C608-FE6E-48C1-A52E-FDBD4276BDB8}.AppStore|iPhone.Build.0 = Release|x86
		{BDF8C608-FE6E-48C1-A52E-FDBD4276BDB8}.AppStore|iPhone.Deploy.0 = Release|x86
		{BDF8C608-FE6E-48C1-A52E-FDBD4276BDB8}.AppStore|iPhoneSimulator.ActiveCfg = Release|x86
		{BDF8C608-FE6E-48C1-A52E-FDBD4276BDB8}.AppStore|iPhoneSimulator.Build.0 = Release|x86
		{BDF8C608-FE6E-48C1-A52E-FDBD4276BDB8}.AppStore|iPhoneSimulator.Deploy.0 = Release|x86
		{BDF8C608-FE6E-48C1-A52E-FDBD4276BDB8}.AppStore|x64.ActiveCfg = Release|x64
		{BDF8C608-FE6E-48C1-A52E-FDBD4276BDB8}.AppStore|x64.Build.0 = Release|x64
		{BDF8C608-FE6E-48C1-A52E-FDBD4276BDB8}.AppStore|x64.Deploy.0 = Release|x64
		{BDF8C608-FE6E-48C1-A52E-FDBD4276BDB8}.AppStore|x86.ActiveCfg = Release|x86
		{BDF8C608-FE6E-48C1-A52E-FDBD4276BDB8}.AppStore|x86.Build.0 = Release|x86
		{BDF8C608-FE6E-48C1-A52E-FDBD4276BDB8}.AppStore|x86.Deploy.0 = Release|x86
		{BDF8C608-FE6E-48C1-A52E-FDBD4276BDB8}.Debug|Any CPU.ActiveCfg = Debug|x86
		{BDF8C608-FE6E-48C1-A52E-FDBD4276BDB8}.Debug|ARM.ActiveCfg = Debug|ARM
		{BDF8C608-FE6E-48C1-A52E-FDBD4276BDB8}.Debug|ARM.Build.0 = Debug|ARM
		{BDF8C608-FE6E-48C1-A52E-FDBD4276BDB8}.Debug|ARM.Deploy.0 = Debug|ARM
		{BDF8C608-FE6E-48C1-A52E-FDBD4276BDB8}.Debug|iPhone.ActiveCfg = Debug|x86
		{BDF8C608-FE6E-48C1-A52E-FDBD4276BDB8}.Debug|iPhoneSimulator.ActiveCfg = Debug|x86
		{BDF8C608-FE6E-48C1-A52E-FDBD4276BDB8}.Debug|x64.ActiveCfg = Debug|x64
		{BDF8C608-FE6E-48C1-A52E-FDBD4276BDB8}.Debug|x64.Build.0 = Debug|x64
		{BDF8C608-FE6E-48C1-A52E-FDBD4276BDB8}.Debug|x64.Deploy.0 = Debug|x64
		{BDF8C608-FE6E-48C1-A52E-FDBD4276BDB8}.Debug|x86.ActiveCfg = Debug|x86
		{BDF8C608-FE6E-48C1-A52E-FDBD4276BDB8}.Debug|x86.Build.0 = Debug|x86
		{BDF8C608-FE6E-48C1-A52E-FDBD4276BDB8}.Debug|x86.Deploy.0 = Debug|x86
		{BDF8C608-FE6E-48C1-A52E-FDBD4276BDB8}.Release|Any CPU.ActiveCfg = Release|x86
		{BDF8C608-FE6E-48C1-A52E-FDBD4276BDB8}.Release|ARM.ActiveCfg = Release|ARM
		{BDF8C608-FE6E-48C1-A52E-FDBD4276BDB8}.Release|ARM.Build.0 = Release|ARM
		{BDF8C608-FE6E-48C1-A52E-FDBD4276BDB8}.Release|ARM.Deploy.0 = Release|ARM
		{BDF8C608-FE6E-48C1-A52E-FDBD4276BDB8}.Release|iPhone.ActiveCfg = Release|x86
		{BDF8C608-FE6E-48C1-A52E-FDBD4276BDB8}.Release|iPhoneSimulator.ActiveCfg = Release|x86
		{BDF8C608-FE6E-48C1-A52E-FDBD4276BDB8}.Release|x64.ActiveCfg = Release|x64
		{BDF8C608-FE6E-48C1-A52E-FDBD4276BDB8}.Release|x64.Build.0 = Release|x64
		{BDF8C608-FE6E-48C1-A52E-FDBD4276BDB8}.Release|x64.Deploy.0 = Release|x64
		{BDF8C608-FE6E-48C1-A52E-FDBD4276BDB8}.Release|x86.ActiveCfg = Release|x86
		{BDF8C608-FE6E-48C1-A52E-FDBD4276BDB8}.Release|x86.Build.0 = Release|x86
		{BDF8C608-FE6E-48C1-A52E-FDBD4276BDB8}.Release|x86.Deploy.0 = Release|x86
		{694F6260-FE30-4E06-93B6-CFD8C0F87E03}.Ad-Hoc|Any CPU.ActiveCfg = Ad-Hoc|iPhone
		{694F6260-FE30-4E06-93B6-CFD8C0F87E03}.Ad-Hoc|ARM.ActiveCfg = Ad-Hoc|iPhone
		{694F6260-FE30-4E06-93B6-CFD8C0F87E03}.Ad-Hoc|iPhone.ActiveCfg = Ad-Hoc|iPhone
		{694F6260-FE30-4E06-93B6-CFD8C0F87E03}.Ad-Hoc|iPhone.Build.0 = Ad-Hoc|iPhone
		{694F6260-FE30-4E06-93B6-CFD8C0F87E03}.Ad-Hoc|iPhoneSimulator.ActiveCfg = Ad-Hoc|iPhoneSimulator
		{694F6260-FE30-4E06-93B6-CFD8C0F87E03}.Ad-Hoc|iPhoneSimulator.Build.0 = Ad-Hoc|iPhoneSimulator
		{694F6260-FE30-4E06-93B6-CFD8C0F87E03}.Ad-Hoc|x64.ActiveCfg = Ad-Hoc|iPhone
		{694F6260-FE30-4E06-93B6-CFD8C0F87E03}.Ad-Hoc|x86.ActiveCfg = Ad-Hoc|iPhone
		{694F6260-FE30-4E06-93B6-CFD8C0F87E03}.AppStore|Any CPU.ActiveCfg = AppStore|iPhone
		{694F6260-FE30-4E06-93B6-CFD8C0F87E03}.AppStore|ARM.ActiveCfg = AppStore|iPhone
		{694F6260-FE30-4E06-93B6-CFD8C0F87E03}.AppStore|iPhone.ActiveCfg = AppStore|iPhone
		{694F6260-FE30-4E06-93B6-CFD8C0F87E03}.AppStore|iPhone.Build.0 = AppStore|iPhone
		{694F6260-FE30-4E06-93B6-CFD8C0F87E03}.AppStore|iPhoneSimulator.ActiveCfg = AppStore|iPhoneSimulator
		{694F6260-FE30-4E06-93B6-CFD8C0F87E03}.AppStore|iPhoneSimulator.Build.0 = AppStore|iPhoneSimulator
		{694F6260-FE30-4E06-93B6-CFD8C0F87E03}.AppStore|x64.ActiveCfg = AppStore|iPhone
		{694F6260-FE30-4E06-93B6-CFD8C0F87E03}.AppStore|x86.ActiveCfg = AppStore|iPhone
		{694F6260-FE30-4E06-93B6-CFD8C0F87E03}.Debug|Any CPU.ActiveCfg = Debug|iPhone
		{694F6260-FE30-4E06-93B6-CFD8C0F87E03}.Debug|ARM.ActiveCfg = Debug|iPhone
		{694F6260-FE30-4E06-93B6-CFD8C0F87E03}.Debug|iPhone.ActiveCfg = Debug|iPhone
		{694F6260-FE30-4E06-93B6-CFD8C0F87E03}.Debug|iPhone.Build.0 = Debug|iPhone
		{694F6260-FE30-4E06-93B6-CFD8C0F87E03}.Debug|iPhoneSimulator.ActiveCfg = Debug|iPhoneSimulator
		{694F6260-FE30-4E06-93B6-CFD8C0F87E03}.Debug|iPhoneSimulator.Build.0 = Debug|iPhoneSimulator
		{694F6260-FE30-4E06-93B6-CFD8C0F87E03}.Debug|x64.ActiveCfg = Debug|iPhone
		{694F6260-FE30-4E06-93B6-CFD8C0F87E03}.Debug|x86.ActiveCfg = Debug|iPhone
		{694F6260-FE30-4E06-93B6-CFD8C0F87E03}.Release|Any CPU.ActiveCfg = Release|iPhone
		{694F6260-FE30-4E06-93B6-CFD8C0F87E03}.Release|ARM.ActiveCfg = Release|iPhone
		{694F6260-FE30-4E06-93B6-CFD8C0F87E03}.Release|iPhone.ActiveCfg = Release|iPhone
		{694F6260-FE30-4E06-93B6-CFD8C0F87E03}.Release|iPhone.Build.0 = Release|iPhone
		{694F6260-FE30-4E06-93B6-CFD8C0F87E03}.Release|iPhoneSimulator.ActiveCfg = Release|iPhoneSimulator
		{694F6260-FE30-4E06-93B6-CFD8C0F87E03}.Release|iPhoneSimulator.Build.0 = Release|iPhoneSimulator
		{694F6260-FE30-4E06-93B6-CFD8C0F87E03}.Release|x64.ActiveCfg = Release|iPhone
		{694F6260-FE30-4E06-93B6-CFD8C0F87E03}.Release|x86.ActiveCfg = Release|iPhone
	EndGlobalSection
	GlobalSection(SolutionProperties) = preSolution
		HideSolutionNode = FALSE
	EndGlobalSection
EndGlobal
