
Microsoft Visual Studio Solution File, Format Version 12.00
# Visual Studio 15
VisualStudioVersion = 15.0.26430.14
MinimumVisualStudioVersion = 10.0.40219.1
Project("{FAE04EC0-301F-11D3-BF4B-00C04F79EFBC}") = "Phoneword.Android", "Phoneword\Phoneword.Android\Phoneword.Android.csproj", "{E9C0A279-CA7C-4B6D-8D72-CCA5466D1580}"
EndProject
Project("{FAE04EC0-301F-11D3-BF4B-00C04F79EFBC}") = "Phoneword", "Phoneword\Phoneword\Phoneword.csproj", "{2E1D0F36-27C4-431F-B32F-C0F8A131D772}"
EndProject
Project("{FAE04EC0-301F-11D3-BF4B-00C04F79EFBC}") = "Phoneword.UWP", "Phoneword\Phoneword.UWP\Phoneword.UWP.csproj", "{D68B63A1-DB2C-4B7E-9DD3-11B5138309EC}"
EndProject
Project("{FAE04EC0-301F-11D3-BF4B-00C04F79EFBC}") = "Phoneword.iOS", "Phoneword\Phoneword.iOS\Phoneword.iOS.csproj", "{A9D2BF46-E875-488A-AAFC-625438FB596F}"
EndProject
Global
	GlobalSection(SolutionConfigurationPlatforms) = preSolution
		Ad-Hoc|Any CPU = Ad-Hoc|Any CPU
		Ad-Hoc|ARM = Ad-Hoc|ARM
		Ad-Hoc|iPhone = Ad-Hoc|iPhone
		Ad-Hoc|iPhoneSimulator = Ad-Hoc|iPhoneSimulator
		Ad-Hoc|x64 = Ad-Hoc|x64
		Ad-Hoc|x86 = Ad-Hoc|x86
		AppStore|Any CPU = AppStore|Any CPU
		AppStore|ARM = AppStore|ARM
		AppStore|iPhone = AppStore|iPhone
		AppStore|iPhoneSimulator = AppStore|iPhoneSimulator
		AppStore|x64 = AppStore|x64
		AppStore|x86 = AppStore|x86
		Debug|Any CPU = Debug|Any CPU
		Debug|ARM = Debug|ARM
		Debug|iPhone = Debug|iPhone
		Debug|iPhoneSimulator = Debug|iPhoneSimulator
		Debug|x64 = Debug|x64
		Debug|x86 = Debug|x86
		Release|Any CPU = Release|Any CPU
		Release|ARM = Release|ARM
		Release|iPhone = Release|iPhone
		Release|iPhoneSimulator = Release|iPhoneSimulator
		Release|x64 = Release|x64
		Release|x86 = Release|x86
	EndGlobalSection
	GlobalSection(ProjectConfigurationPlatforms) = postSolution
		{E9C0A279-CA7C-4B6D-8D72-CCA5466D1580}.Ad-Hoc|Any CPU.ActiveCfg = Release|Any CPU
		{E9C0A279-CA7C-4B6D-8D72-CCA5466D1580}.Ad-Hoc|Any CPU.Build.0 = Release|Any CPU
		{E9C0A279-CA7C-4B6D-8D72-CCA5466D1580}.Ad-Hoc|Any CPU.Deploy.0 = Release|Any CPU
		{E9C0A279-CA7C-4B6D-8D72-CCA5466D1580}.Ad-Hoc|ARM.ActiveCfg = Release|Any CPU
		{E9C0A279-CA7C-4B6D-8D72-CCA5466D1580}.Ad-Hoc|ARM.Build.0 = Release|Any CPU
		{E9C0A279-CA7C-4B6D-8D72-CCA5466D1580}.Ad-Hoc|ARM.Deploy.0 = Release|Any CPU
		{E9C0A279-CA7C-4B6D-8D72-CCA5466D1580}.Ad-Hoc|iPhone.ActiveCfg = Release|Any CPU
		{E9C0A279-CA7C-4B6D-8D72-CCA5466D1580}.Ad-Hoc|iPhone.Build.0 = Release|Any CPU
		{E9C0A279-CA7C-4B6D-8D72-CCA5466D1580}.Ad-Hoc|iPhone.Deploy.0 = Release|Any CPU
		{E9C0A279-CA7C-4B6D-8D72-CCA5466D1580}.Ad-Hoc|iPhoneSimulator.ActiveCfg = Release|Any CPU
		{E9C0A279-CA7C-4B6D-8D72-CCA5466D1580}.Ad-Hoc|iPhoneSimulator.Build.0 = Release|Any CPU
		{E9C0A279-CA7C-4B6D-8D72-CCA5466D1580}.Ad-Hoc|iPhoneSimulator.Deploy.0 = Release|Any CPU
		{E9C0A279-CA7C-4B6D-8D72-CCA5466D1580}.Ad-Hoc|x64.ActiveCfg = Release|Any CPU
		{E9C0A279-CA7C-4B6D-8D72-CCA5466D1580}.Ad-Hoc|x64.Build.0 = Release|Any CPU
		{E9C0A279-CA7C-4B6D-8D72-CCA5466D1580}.Ad-Hoc|x64.Deploy.0 = Release|Any CPU
		{E9C0A279-CA7C-4B6D-8D72-CCA5466D1580}.Ad-Hoc|x86.ActiveCfg = Release|Any CPU
		{E9C0A279-CA7C-4B6D-8D72-CCA5466D1580}.Ad-Hoc|x86.Build.0 = Release|Any CPU
		{E9C0A279-CA7C-4B6D-8D72-CCA5466D1580}.Ad-Hoc|x86.Deploy.0 = Release|Any CPU
		{E9C0A279-CA7C-4B6D-8D72-CCA5466D1580}.AppStore|Any CPU.ActiveCfg = Release|Any CPU
		{E9C0A279-CA7C-4B6D-8D72-CCA5466D1580}.AppStore|Any CPU.Build.0 = Release|Any CPU
		{E9C0A279-CA7C-4B6D-8D72-CCA5466D1580}.AppStore|Any CPU.Deploy.0 = Release|Any CPU
		{E9C0A279-CA7C-4B6D-8D72-CCA5466D1580}.AppStore|ARM.ActiveCfg = Release|Any CPU
		{E9C0A279-CA7C-4B6D-8D72-CCA5466D1580}.AppStore|ARM.Build.0 = Release|Any CPU
		{E9C0A279-CA7C-4B6D-8D72-CCA5466D1580}.AppStore|ARM.Deploy.0 = Release|Any CPU
		{E9C0A279-CA7C-4B6D-8D72-CCA5466D1580}.AppStore|iPhone.ActiveCfg = Release|Any CPU
		{E9C0A279-CA7C-4B6D-8D72-CCA5466D1580}.AppStore|iPhone.Build.0 = Release|Any CPU
		{E9C0A279-CA7C-4B6D-8D72-CCA5466D1580}.AppStore|iPhone.Deploy.0 = Release|Any CPU
		{E9C0A279-CA7C-4B6D-8D72-CCA5466D1580}.AppStore|iPhoneSimulator.ActiveCfg = Release|Any CPU
		{E9C0A279-CA7C-4B6D-8D72-CCA5466D1580}.AppStore|iPhoneSimulator.Build.0 = Release|Any CPU
		{E9C0A279-CA7C-4B6D-8D72-CCA5466D1580}.AppStore|iPhoneSimulator.Deploy.0 = Release|Any CPU
		{E9C0A279-CA7C-4B6D-8D72-CCA5466D1580}.AppStore|x64.ActiveCfg = Release|Any CPU
		{E9C0A279-CA7C-4B6D-8D72-CCA5466D1580}.AppStore|x64.Build.0 = Release|Any CPU
		{E9C0A279-CA7C-4B6D-8D72-CCA5466D1580}.AppStore|x64.Deploy.0 = Release|Any CPU
		{E9C0A279-CA7C-4B6D-8D72-CCA5466D1580}.AppStore|x86.ActiveCfg = Release|Any CPU
		{E9C0A279-CA7C-4B6D-8D72-CCA5466D1580}.AppStore|x86.Build.0 = Release|Any CPU
		{E9C0A279-CA7C-4B6D-8D72-CCA5466D1580}.AppStore|x86.Deploy.0 = Release|Any CPU
		{E9C0A279-CA7C-4B6D-8D72-CCA5466D1580}.Debug|Any CPU.ActiveCfg = Debug|Any CPU
		{E9C0A279-CA7C-4B6D-8D72-CCA5466D1580}.Debug|Any CPU.Build.0 = Debug|Any CPU
		{E9C0A279-CA7C-4B6D-8D72-CCA5466D1580}.Debug|Any CPU.Deploy.0 = Debug|Any CPU
		{E9C0A279-CA7C-4B6D-8D72-CCA5466D1580}.Debug|ARM.ActiveCfg = Debug|Any CPU
		{E9C0A279-CA7C-4B6D-8D72-CCA5466D1580}.Debug|ARM.Build.0 = Debug|Any CPU
		{E9C0A279-CA7C-4B6D-8D72-CCA5466D1580}.Debug|ARM.Deploy.0 = Debug|Any CPU
		{E9C0A279-CA7C-4B6D-8D72-CCA5466D1580}.Debug|iPhone.ActiveCfg = Debug|Any CPU
		{E9C0A279-CA7C-4B6D-8D72-CCA5466D1580}.Debug|iPhone.Build.0 = Debug|Any CPU
		{E9C0A279-CA7C-4B6D-8D72-CCA5466D1580}.Debug|iPhone.Deploy.0 = Debug|Any CPU
		{E9C0A279-CA7C-4B6D-8D72-CCA5466D1580}.Debug|iPhoneSimulator.ActiveCfg = Debug|Any CPU
		{E9C0A279-CA7C-4B6D-8D72-CCA5466D1580}.Debug|iPhoneSimulator.Build.0 = Debug|Any CPU
		{E9C0A279-CA7C-4B6D-8D72-CCA5466D1580}.Debug|iPhoneSimulator.Deploy.0 = Debug|Any CPU
		{E9C0A279-CA7C-4B6D-8D72-CCA5466D1580}.Debug|x64.ActiveCfg = Debug|Any CPU
		{E9C0A279-CA7C-4B6D-8D72-CCA5466D1580}.Debug|x64.Build.0 = Debug|Any CPU
		{E9C0A279-CA7C-4B6D-8D72-CCA5466D1580}.Debug|x64.Deploy.0 = Debug|Any CPU
		{E9C0A279-CA7C-4B6D-8D72-CCA5466D1580}.Debug|x86.ActiveCfg = Debug|Any CPU
		{E9C0A279-CA7C-4B6D-8D72-CCA5466D1580}.Debug|x86.Build.0 = Debug|Any CPU
		{E9C0A279-CA7C-4B6D-8D72-CCA5466D1580}.Debug|x86.Deploy.0 = Debug|Any CPU
		{E9C0A279-CA7C-4B6D-8D72-CCA5466D1580}.Release|Any CPU.ActiveCfg = Release|Any CPU
		{E9C0A279-CA7C-4B6D-8D72-CCA5466D1580}.Release|Any CPU.Build.0 = Release|Any CPU
		{E9C0A279-CA7C-4B6D-8D72-CCA5466D1580}.Release|Any CPU.Deploy.0 = Release|Any CPU
		{E9C0A279-CA7C-4B6D-8D72-CCA5466D1580}.Release|ARM.ActiveCfg = Release|Any CPU
		{E9C0A279-CA7C-4B6D-8D72-CCA5466D1580}.Release|ARM.Build.0 = Release|Any CPU
		{E9C0A279-CA7C-4B6D-8D72-CCA5466D1580}.Release|ARM.Deploy.0 = Release|Any CPU
		{E9C0A279-CA7C-4B6D-8D72-CCA5466D1580}.Release|iPhone.ActiveCfg = Release|Any CPU
		{E9C0A279-CA7C-4B6D-8D72-CCA5466D1580}.Release|iPhone.Build.0 = Release|Any CPU
		{E9C0A279-CA7C-4B6D-8D72-CCA5466D1580}.Release|iPhone.Deploy.0 = Release|Any CPU
		{E9C0A279-CA7C-4B6D-8D72-CCA5466D1580}.Release|iPhoneSimulator.ActiveCfg = Release|Any CPU
		{E9C0A279-CA7C-4B6D-8D72-CCA5466D1580}.Release|iPhoneSimulator.Build.0 = Release|Any CPU
		{E9C0A279-CA7C-4B6D-8D72-CCA5466D1580}.Release|iPhoneSimulator.Deploy.0 = Release|Any CPU
		{E9C0A279-CA7C-4B6D-8D72-CCA5466D1580}.Release|x64.ActiveCfg = Release|Any CPU
		{E9C0A279-CA7C-4B6D-8D72-CCA5466D1580}.Release|x64.Build.0 = Release|Any CPU
		{E9C0A279-CA7C-4B6D-8D72-CCA5466D1580}.Release|x64.Deploy.0 = Release|Any CPU
		{E9C0A279-CA7C-4B6D-8D72-CCA5466D1580}.Release|x86.ActiveCfg = Release|Any CPU
		{E9C0A279-CA7C-4B6D-8D72-CCA5466D1580}.Release|x86.Build.0 = Release|Any CPU
		{E9C0A279-CA7C-4B6D-8D72-CCA5466D1580}.Release|x86.Deploy.0 = Release|Any CPU
		{2E1D0F36-27C4-431F-B32F-C0F8A131D772}.Ad-Hoc|Any CPU.ActiveCfg = Release|Any CPU
		{2E1D0F36-27C4-431F-B32F-C0F8A131D772}.Ad-Hoc|Any CPU.Build.0 = Release|Any CPU
		{2E1D0F36-27C4-431F-B32F-C0F8A131D772}.Ad-Hoc|ARM.ActiveCfg = Release|Any CPU
		{2E1D0F36-27C4-431F-B32F-C0F8A131D772}.Ad-Hoc|ARM.Build.0 = Release|Any CPU
		{2E1D0F36-27C4-431F-B32F-C0F8A131D772}.Ad-Hoc|iPhone.ActiveCfg = Release|Any CPU
		{2E1D0F36-27C4-431F-B32F-C0F8A131D772}.Ad-Hoc|iPhone.Build.0 = Release|Any CPU
		{2E1D0F36-27C4-431F-B32F-C0F8A131D772}.Ad-Hoc|iPhoneSimulator.ActiveCfg = Release|Any CPU
		{2E1D0F36-27C4-431F-B32F-C0F8A131D772}.Ad-Hoc|iPhoneSimulator.Build.0 = Release|Any CPU
		{2E1D0F36-27C4-431F-B32F-C0F8A131D772}.Ad-Hoc|x64.ActiveCfg = Release|Any CPU
		{2E1D0F36-27C4-431F-B32F-C0F8A131D772}.Ad-Hoc|x64.Build.0 = Release|Any CPU
		{2E1D0F36-27C4-431F-B32F-C0F8A131D772}.Ad-Hoc|x86.ActiveCfg = Release|Any CPU
		{2E1D0F36-27C4-431F-B32F-C0F8A131D772}.Ad-Hoc|x86.Build.0 = Release|Any CPU
		{2E1D0F36-27C4-431F-B32F-C0F8A131D772}.AppStore|Any CPU.ActiveCfg = Release|Any CPU
		{2E1D0F36-27C4-431F-B32F-C0F8A131D772}.AppStore|Any CPU.Build.0 = Release|Any CPU
		{2E1D0F36-27C4-431F-B32F-C0F8A131D772}.AppStore|ARM.ActiveCfg = Release|Any CPU
		{2E1D0F36-27C4-431F-B32F-C0F8A131D772}.AppStore|ARM.Build.0 = Release|Any CPU
		{2E1D0F36-27C4-431F-B32F-C0F8A131D772}.AppStore|iPhone.ActiveCfg = Release|Any CPU
		{2E1D0F36-27C4-431F-B32F-C0F8A131D772}.AppStore|iPhone.Build.0 = Release|Any CPU
		{2E1D0F36-27C4-431F-B32F-C0F8A131D772}.AppStore|iPhoneSimulator.ActiveCfg = Release|Any CPU
		{2E1D0F36-27C4-431F-B32F-C0F8A131D772}.AppStore|iPhoneSimulator.Build.0 = Release|Any CPU
		{2E1D0F36-27C4-431F-B32F-C0F8A131D772}.AppStore|x64.ActiveCfg = Release|Any CPU
		{2E1D0F36-27C4-431F-B32F-C0F8A131D772}.AppStore|x64.Build.0 = Release|Any CPU
		{2E1D0F36-27C4-431F-B32F-C0F8A131D772}.AppStore|x86.ActiveCfg = Release|Any CPU
		{2E1D0F36-27C4-431F-B32F-C0F8A131D772}.AppStore|x86.Build.0 = Release|Any CPU
		{2E1D0F36-27C4-431F-B32F-C0F8A131D772}.Debug|Any CPU.ActiveCfg = Debug|Any CPU
		{2E1D0F36-27C4-431F-B32F-C0F8A131D772}.Debug|Any CPU.Build.0 = Debug|Any CPU
		{2E1D0F36-27C4-431F-B32F-C0F8A131D772}.Debug|ARM.ActiveCfg = Debug|Any CPU
		{2E1D0F36-27C4-431F-B32F-C0F8A131D772}.Debug|ARM.Build.0 = Debug|Any CPU
		{2E1D0F36-27C4-431F-B32F-C0F8A131D772}.Debug|iPhone.ActiveCfg = Debug|Any CPU
		{2E1D0F36-27C4-431F-B32F-C0F8A131D772}.Debug|iPhone.Build.0 = Debug|Any CPU
		{2E1D0F36-27C4-431F-B32F-C0F8A131D772}.Debug|iPhoneSimulator.ActiveCfg = Debug|Any CPU
		{2E1D0F36-27C4-431F-B32F-C0F8A131D772}.Debug|iPhoneSimulator.Build.0 = Debug|Any CPU
		{2E1D0F36-27C4-431F-B32F-C0F8A131D772}.Debug|x64.ActiveCfg = Debug|Any CPU
		{2E1D0F36-27C4-431F-B32F-C0F8A131D772}.Debug|x64.Build.0 = Debug|Any CPU
		{2E1D0F36-27C4-431F-B32F-C0F8A131D772}.Debug|x86.ActiveCfg = Debug|Any CPU
		{2E1D0F36-27C4-431F-B32F-C0F8A131D772}.Debug|x86.Build.0 = Debug|Any CPU
		{2E1D0F36-27C4-431F-B32F-C0F8A131D772}.Release|Any CPU.ActiveCfg = Release|Any CPU
		{2E1D0F36-27C4-431F-B32F-C0F8A131D772}.Release|Any CPU.Build.0 = Release|Any CPU
		{2E1D0F36-27C4-431F-B32F-C0F8A131D772}.Release|ARM.ActiveCfg = Release|Any CPU
		{2E1D0F36-27C4-431F-B32F-C0F8A131D772}.Release|ARM.Build.0 = Release|Any CPU
		{2E1D0F36-27C4-431F-B32F-C0F8A131D772}.Release|iPhone.ActiveCfg = Release|Any CPU
		{2E1D0F36-27C4-431F-B32F-C0F8A131D772}.Release|iPhone.Build.0 = Release|Any CPU
		{2E1D0F36-27C4-431F-B32F-C0F8A131D772}.Release|iPhoneSimulator.ActiveCfg = Release|Any CPU
		{2E1D0F36-27C4-431F-B32F-C0F8A131D772}.Release|iPhoneSimulator.Build.0 = Release|Any CPU
		{2E1D0F36-27C4-431F-B32F-C0F8A131D772}.Release|x64.ActiveCfg = Release|Any CPU
		{2E1D0F36-27C4-431F-B32F-C0F8A131D772}.Release|x64.Build.0 = Release|Any CPU
		{2E1D0F36-27C4-431F-B32F-C0F8A131D772}.Release|x86.ActiveCfg = Release|Any CPU
		{2E1D0F36-27C4-431F-B32F-C0F8A131D772}.Release|x86.Build.0 = Release|Any CPU
		{D68B63A1-DB2C-4B7E-9DD3-11B5138309EC}.Ad-Hoc|Any CPU.ActiveCfg = Release|x86
		{D68B63A1-DB2C-4B7E-9DD3-11B5138309EC}.Ad-Hoc|Any CPU.Build.0 = Release|x86
		{D68B63A1-DB2C-4B7E-9DD3-11B5138309EC}.Ad-Hoc|Any CPU.Deploy.0 = Release|x86
		{D68B63A1-DB2C-4B7E-9DD3-11B5138309EC}.Ad-Hoc|ARM.ActiveCfg = Release|ARM
		{D68B63A1-DB2C-4B7E-9DD3-11B5138309EC}.Ad-Hoc|ARM.Build.0 = Release|ARM
		{D68B63A1-DB2C-4B7E-9DD3-11B5138309EC}.Ad-Hoc|ARM.Deploy.0 = Release|ARM
		{D68B63A1-DB2C-4B7E-9DD3-11B5138309EC}.Ad-Hoc|iPhone.ActiveCfg = Release|x86
		{D68B63A1-DB2C-4B7E-9DD3-11B5138309EC}.Ad-Hoc|iPhone.Build.0 = Release|x86
		{D68B63A1-DB2C-4B7E-9DD3-11B5138309EC}.Ad-Hoc|iPhone.Deploy.0 = Release|x86
		{D68B63A1-DB2C-4B7E-9DD3-11B5138309EC}.Ad-Hoc|iPhoneSimulator.ActiveCfg = Release|x86
		{D68B63A1-DB2C-4B7E-9DD3-11B5138309EC}.Ad-Hoc|iPhoneSimulator.Build.0 = Release|x86
		{D68B63A1-DB2C-4B7E-9DD3-11B5138309EC}.Ad-Hoc|iPhoneSimulator.Deploy.0 = Release|x86
		{D68B63A1-DB2C-4B7E-9DD3-11B5138309EC}.Ad-Hoc|x64.ActiveCfg = Release|x64
		{D68B63A1-DB2C-4B7E-9DD3-11B5138309EC}.Ad-Hoc|x64.Build.0 = Release|x64
		{D68B63A1-DB2C-4B7E-9DD3-11B5138309EC}.Ad-Hoc|x64.Deploy.0 = Release|x64
		{D68B63A1-DB2C-4B7E-9DD3-11B5138309EC}.Ad-Hoc|x86.ActiveCfg = Release|x86
		{D68B63A1-DB2C-4B7E-9DD3-11B5138309EC}.Ad-Hoc|x86.Build.0 = Release|x86
		{D68B63A1-DB2C-4B7E-9DD3-11B5138309EC}.Ad-Hoc|x86.Deploy.0 = Release|x86
		{D68B63A1-DB2C-4B7E-9DD3-11B5138309EC}.AppStore|Any CPU.ActiveCfg = Release|x86
		{D68B63A1-DB2C-4B7E-9DD3-11B5138309EC}.AppStore|Any CPU.Build.0 = Release|x86
		{D68B63A1-DB2C-4B7E-9DD3-11B5138309EC}.AppStore|Any CPU.Deploy.0 = Release|x86
		{D68B63A1-DB2C-4B7E-9DD3-11B5138309EC}.AppStore|ARM.ActiveCfg = Release|ARM
		{D68B63A1-DB2C-4B7E-9DD3-11B5138309EC}.AppStore|ARM.Build.0 = Release|ARM
		{D68B63A1-DB2C-4B7E-9DD3-11B5138309EC}.AppStore|ARM.Deploy.0 = Release|ARM
		{D68B63A1-DB2C-4B7E-9DD3-11B5138309EC}.AppStore|iPhone.ActiveCfg = Release|x86
		{D68B63A1-DB2C-4B7E-9DD3-11B5138309EC}.AppStore|iPhone.Build.0 = Release|x86
		{D68B63A1-DB2C-4B7E-9DD3-11B5138309EC}.AppStore|iPhone.Deploy.0 = Release|x86
		{D68B63A1-DB2C-4B7E-9DD3-11B5138309EC}.AppStore|iPhoneSimulator.ActiveCfg = Release|x86
		{D68B63A1-DB2C-4B7E-9DD3-11B5138309EC}.AppStore|iPhoneSimulator.Build.0 = Release|x86
		{D68B63A1-DB2C-4B7E-9DD3-11B5138309EC}.AppStore|iPhoneSimulator.Deploy.0 = Release|x86
		{D68B63A1-DB2C-4B7E-9DD3-11B5138309EC}.AppStore|x64.ActiveCfg = Release|x64
		{D68B63A1-DB2C-4B7E-9DD3-11B5138309EC}.AppStore|x64.Build.0 = Release|x64
		{D68B63A1-DB2C-4B7E-9DD3-11B5138309EC}.AppStore|x64.Deploy.0 = Release|x64
		{D68B63A1-DB2C-4B7E-9DD3-11B5138309EC}.AppStore|x86.ActiveCfg = Release|x86
		{D68B63A1-DB2C-4B7E-9DD3-11B5138309EC}.AppStore|x86.Build.0 = Release|x86
		{D68B63A1-DB2C-4B7E-9DD3-11B5138309EC}.AppStore|x86.Deploy.0 = Release|x86
		{D68B63A1-DB2C-4B7E-9DD3-11B5138309EC}.Debug|Any CPU.ActiveCfg = Debug|x64
		{D68B63A1-DB2C-4B7E-9DD3-11B5138309EC}.Debug|Any CPU.Build.0 = Debug|x64
		{D68B63A1-DB2C-4B7E-9DD3-11B5138309EC}.Debug|Any CPU.Deploy.0 = Debug|x64
		{D68B63A1-DB2C-4B7E-9DD3-11B5138309EC}.Debug|ARM.ActiveCfg = Debug|ARM
		{D68B63A1-DB2C-4B7E-9DD3-11B5138309EC}.Debug|ARM.Build.0 = Debug|ARM
		{D68B63A1-DB2C-4B7E-9DD3-11B5138309EC}.Debug|ARM.Deploy.0 = Debug|ARM
		{D68B63A1-DB2C-4B7E-9DD3-11B5138309EC}.Debug|iPhone.ActiveCfg = Debug|x86
		{D68B63A1-DB2C-4B7E-9DD3-11B5138309EC}.Debug|iPhoneSimulator.ActiveCfg = Debug|x86
		{D68B63A1-DB2C-4B7E-9DD3-11B5138309EC}.Debug|x64.ActiveCfg = Debug|x64
		{D68B63A1-DB2C-4B7E-9DD3-11B5138309EC}.Debug|x64.Build.0 = Debug|x64
		{D68B63A1-DB2C-4B7E-9DD3-11B5138309EC}.Debug|x64.Deploy.0 = Debug|x64
		{D68B63A1-DB2C-4B7E-9DD3-11B5138309EC}.Debug|x86.ActiveCfg = Debug|x86
		{D68B63A1-DB2C-4B7E-9DD3-11B5138309EC}.Debug|x86.Build.0 = Debug|x86
		{D68B63A1-DB2C-4B7E-9DD3-11B5138309EC}.Debug|x86.Deploy.0 = Debug|x86
		{D68B63A1-DB2C-4B7E-9DD3-11B5138309EC}.Release|Any CPU.ActiveCfg = Release|x86
		{D68B63A1-DB2C-4B7E-9DD3-11B5138309EC}.Release|ARM.ActiveCfg = Release|ARM
		{D68B63A1-DB2C-4B7E-9DD3-11B5138309EC}.Release|ARM.Build.0 = Release|ARM
		{D68B63A1-DB2C-4B7E-9DD3-11B5138309EC}.Release|ARM.Deploy.0 = Release|ARM
		{D68B63A1-DB2C-4B7E-9DD3-11B5138309EC}.Release|iPhone.ActiveCfg = Release|x86
		{D68B63A1-DB2C-4B7E-9DD3-11B5138309EC}.Release|iPhoneSimulator.ActiveCfg = Release|x86
		{D68B63A1-DB2C-4B7E-9DD3-11B5138309EC}.Release|x64.ActiveCfg = Release|x64
		{D68B63A1-DB2C-4B7E-9DD3-11B5138309EC}.Release|x64.Build.0 = Release|x64
		{D68B63A1-DB2C-4B7E-9DD3-11B5138309EC}.Release|x64.Deploy.0 = Release|x64
		{D68B63A1-DB2C-4B7E-9DD3-11B5138309EC}.Release|x86.ActiveCfg = Release|x86
		{D68B63A1-DB2C-4B7E-9DD3-11B5138309EC}.Release|x86.Build.0 = Release|x86
		{D68B63A1-DB2C-4B7E-9DD3-11B5138309EC}.Release|x86.Deploy.0 = Release|x86
		{A9D2BF46-E875-488A-AAFC-625438FB596F}.Ad-Hoc|Any CPU.ActiveCfg = Ad-Hoc|iPhone
		{A9D2BF46-E875-488A-AAFC-625438FB596F}.Ad-Hoc|ARM.ActiveCfg = Ad-Hoc|iPhone
		{A9D2BF46-E875-488A-AAFC-625438FB596F}.Ad-Hoc|iPhone.ActiveCfg = Ad-Hoc|iPhone
		{A9D2BF46-E875-488A-AAFC-625438FB596F}.Ad-Hoc|iPhone.Build.0 = Ad-Hoc|iPhone
		{A9D2BF46-E875-488A-AAFC-625438FB596F}.Ad-Hoc|iPhoneSimulator.ActiveCfg = Ad-Hoc|iPhoneSimulator
		{A9D2BF46-E875-488A-AAFC-625438FB596F}.Ad-Hoc|iPhoneSimulator.Build.0 = Ad-Hoc|iPhoneSimulator
		{A9D2BF46-E875-488A-AAFC-625438FB596F}.Ad-Hoc|x64.ActiveCfg = Ad-Hoc|iPhone
		{A9D2BF46-E875-488A-AAFC-625438FB596F}.Ad-Hoc|x86.ActiveCfg = Ad-Hoc|iPhone
		{A9D2BF46-E875-488A-AAFC-625438FB596F}.AppStore|Any CPU.ActiveCfg = AppStore|iPhone
		{A9D2BF46-E875-488A-AAFC-625438FB596F}.AppStore|ARM.ActiveCfg = AppStore|iPhone
		{A9D2BF46-E875-488A-AAFC-625438FB596F}.AppStore|iPhone.ActiveCfg = AppStore|iPhone
		{A9D2BF46-E875-488A-AAFC-625438FB596F}.AppStore|iPhone.Build.0 = AppStore|iPhone
		{A9D2BF46-E875-488A-AAFC-625438FB596F}.AppStore|iPhoneSimulator.ActiveCfg = AppStore|iPhoneSimulator
		{A9D2BF46-E875-488A-AAFC-625438FB596F}.AppStore|iPhoneSimulator.Build.0 = AppStore|iPhoneSimulator
		{A9D2BF46-E875-488A-AAFC-625438FB596F}.AppStore|x64.ActiveCfg = AppStore|iPhone
		{A9D2BF46-E875-488A-AAFC-625438FB596F}.AppStore|x86.ActiveCfg = AppStore|iPhone
		{A9D2BF46-E875-488A-AAFC-625438FB596F}.Debug|Any CPU.ActiveCfg = Debug|iPhone
		{A9D2BF46-E875-488A-AAFC-625438FB596F}.Debug|ARM.ActiveCfg = Debug|iPhone
		{A9D2BF46-E875-488A-AAFC-625438FB596F}.Debug|iPhone.ActiveCfg = Debug|iPhone
		{A9D2BF46-E875-488A-AAFC-625438FB596F}.Debug|iPhone.Build.0 = Debug|iPhone
		{A9D2BF46-E875-488A-AAFC-625438FB596F}.Debug|iPhoneSimulator.ActiveCfg = Debug|iPhoneSimulator
		{A9D2BF46-E875-488A-AAFC-625438FB596F}.Debug|iPhoneSimulator.Build.0 = Debug|iPhoneSimulator
		{A9D2BF46-E875-488A-AAFC-625438FB596F}.Debug|x64.ActiveCfg = Debug|iPhone
		{A9D2BF46-E875-488A-AAFC-625438FB596F}.Debug|x86.ActiveCfg = Debug|iPhone
		{A9D2BF46-E875-488A-AAFC-625438FB596F}.Release|Any CPU.ActiveCfg = Release|iPhone
		{A9D2BF46-E875-488A-AAFC-625438FB596F}.Release|ARM.ActiveCfg = Release|iPhone
		{A9D2BF46-E875-488A-AAFC-625438FB596F}.Release|iPhone.ActiveCfg = Release|iPhone
		{A9D2BF46-E875-488A-AAFC-625438FB596F}.Release|iPhone.Build.0 = Release|iPhone
		{A9D2BF46-E875-488A-AAFC-625438FB596F}.Release|iPhoneSimulator.ActiveCfg = Release|iPhoneSimulator
		{A9D2BF46-E875-488A-AAFC-625438FB596F}.Release|iPhoneSimulator.Build.0 = Release|iPhoneSimulator
		{A9D2BF46-E875-488A-AAFC-625438FB596F}.Release|x64.ActiveCfg = Release|iPhone
		{A9D2BF46-E875-488A-AAFC-625438FB596F}.Release|x86.ActiveCfg = Release|iPhone
	EndGlobalSection
	GlobalSection(SolutionProperties) = preSolution
		HideSolutionNode = FALSE
	EndGlobalSection
EndGlobal
