
Microsoft Visual Studio Solution File, Format Version 12.00
# Visual Studio 14
VisualStudioVersion = 14.0.25420.1
MinimumVisualStudioVersion = 10.0.40219.1
Project("{FAE04EC0-301F-11D3-BF4B-00C04F79EFBC}") = "DragNDrop", "DragNDrop\DragNDrop.csproj", "{8796FC6C-E086-4DF2-8D64-583194D34109}"
EndProject
Global
	GlobalSection(SolutionConfigurationPlatforms) = preSolution
		Debug|Any CPU = Debug|Any CPU
		Release|Any CPU = Release|Any CPU
	EndGlobalSection
	GlobalSection(ProjectConfigurationPlatforms) = postSolution
		{8796FC6C-E086-4DF2-8D64-583194D34109}.Debug|Any CPU.ActiveCfg = Debug|Any CPU
		{8796FC6C-E086-4DF2-8D64-583194D34109}.Debug|Any CPU.Build.0 = Debug|Any CPU
		{8796FC6C-E086-4DF2-8D64-583194D34109}.Release|Any CPU.ActiveCfg = Release|Any CPU
		{8796FC6C-E086-4DF2-8D64-583194D34109}.Release|Any CPU.Build.0 = Release|Any CPU
	EndGlobalSection
	GlobalSection(SolutionProperties) = preSolution
		HideSolutionNode = FALSE
	EndGlobalSection
EndGlobal
