
Microsoft Visual Studio Solution File, Format Version 12.00
# Visual Studio 14
VisualStudioVersion = 14.0.25420.1
MinimumVisualStudioVersion = 10.0.40219.1
Project("{FAE04EC0-301F-11D3-BF4B-00C04F79EFBC}") = "PersonajeFicheros", "PersonajeFicheros\PersonajeFicheros.csproj", "{116377CD-233D-4514-85FE-30F574C34FCD}"
EndProject
Global
	GlobalSection(SolutionConfigurationPlatforms) = preSolution
		Debug|Any CPU = Debug|Any CPU
		Release|Any CPU = Release|Any CPU
	EndGlobalSection
	GlobalSection(ProjectConfigurationPlatforms) = postSolution
		{116377CD-233D-4514-85FE-30F574C34FCD}.Debug|Any CPU.ActiveCfg = Debug|Any CPU
		{116377CD-233D-4514-85FE-30F574C34FCD}.Debug|Any CPU.Build.0 = Debug|Any CPU
		{116377CD-233D-4514-85FE-30F574C34FCD}.Release|Any CPU.ActiveCfg = Release|Any CPU
		{116377CD-233D-4514-85FE-30F574C34FCD}.Release|Any CPU.Build.0 = Release|Any CPU
	EndGlobalSection
	GlobalSection(SolutionProperties) = preSolution
		HideSolutionNode = FALSE
	EndGlobalSection
EndGlobal
